
Microsoft Visual Studio Solution File, Format Version 12.00
# Visual Studio Version 17
VisualStudioVersion = 17.3.32929.385
MinimumVisualStudioVersion = 10.0.40219.1
Project("{FAE04EC0-301F-11D3-BF4B-00C04F79EFBC}") = "ConsoleApp3", "ConsoleApp3.csproj", "{BF152D7F-BC53-4652-ABD0-81CC3D7FD0D3}"
EndProject
Global
	GlobalSection(SolutionConfigurationPlatforms) = preSolution
		Debug|Any CPU = Debug|Any CPU
		Release|Any CPU = Release|Any CPU
	EndGlobalSection
	GlobalSection(ProjectConfigurationPlatforms) = postSolution
		{BF152D7F-BC53-4652-ABD0-81CC3D7FD0D3}.Debug|Any CPU.ActiveCfg = Debug|Any CPU
		{BF152D7F-BC53-4652-ABD0-81CC3D7FD0D3}.Debug|Any CPU.Build.0 = Debug|Any CPU
		{BF152D7F-BC53-4652-ABD0-81CC3D7FD0D3}.Release|Any CPU.ActiveCfg = Release|Any CPU
		{BF152D7F-BC53-4652-ABD0-81CC3D7FD0D3}.Release|Any CPU.Build.0 = Release|Any CPU
	EndGlobalSection
	GlobalSection(SolutionProperties) = preSolution
		HideSolutionNode = FALSE
	EndGlobalSection
	GlobalSection(ExtensibilityGlobals) = postSolution
		SolutionGuid = {D10CFE31-BB51-425C-96D1-9D7D803D6843}
	EndGlobalSection
EndGlobal
